
Microsoft Visual Studio Solution File, Format Version 12.00
Project("{FAE04EC0-301F-11D3-BF4B-00C04F79EFBC}") = "InforceUrll", "InforceUrll\InforceUrll.csproj", "{54B56C62-C61F-49FC-9DB0-64D42EDED2C6}"
EndProject
Global
	GlobalSection(SolutionConfigurationPlatforms) = preSolution
		Debug|Any CPU = Debug|Any CPU
		Release|Any CPU = Release|Any CPU
	EndGlobalSection
	GlobalSection(ProjectConfigurationPlatforms) = postSolution
		{54B56C62-C61F-49FC-9DB0-64D42EDED2C6}.Debug|Any CPU.ActiveCfg = Debug|Any CPU
		{54B56C62-C61F-49FC-9DB0-64D42EDED2C6}.Debug|Any CPU.Build.0 = Debug|Any CPU
		{54B56C62-C61F-49FC-9DB0-64D42EDED2C6}.Release|Any CPU.ActiveCfg = Release|Any CPU
		{54B56C62-C61F-49FC-9DB0-64D42EDED2C6}.Release|Any CPU.Build.0 = Release|Any CPU
	EndGlobalSection
EndGlobal
